generated_at: "2026-07-10"
terraform:
  cli: "1.15.8"
  proxmox_provider: "0.111.1"
operating_system:
  ubuntu_release: "24.04"
  cloud_image_url: "https://cloud-images.ubuntu.com/noble/current/noble-server-cloudimg-amd64.img"
kubernetes:
  k3s: "v1.35.6+k3s1"
  cilium: "1.19.5"
  kube_vip: "v1.2.1"
  argocd_chart: "10.1.3"
  argocd_app: "3.4.5"
  metallb_chart: "0.16.1"
  ingress_nginx_chart: "4.15.1"
  nfs_csi: "4.13.4"
openchoreo_compatibility:
  gateway_api: "v1.4.1"
  cert_manager: "v1.19.4"
  external_secrets: "2.0.1"
  kgateway: "v2.2.1"
  openbao_chart: "0.25.6"
  openbao_app: "2.4.4"
platform:
  harbor_chart: "1.19.1"
  harbor_app: "2.15.2"
  openchoreo: "1.1.2"
  observability_logs: "0.4.1"
  observability_traces: "0.4.1"
  observability_metrics: "0.6.1"
  crossplane: "2.3.3"
  cloudnative_pg: "1.30.0"
